<?xml version="1.0" encoding="utf-8"?>
<Project ToolsVersion="4.0" xmlns="http://schemas.microsoft.com/developer/msbuild/2003">
  <ItemGroup>
    <Filter Include="Source Files">
      <UniqueIdentifier>{4FC737F1-C7A5-4376-A066-2A32D752A2FF}</UniqueIdentifier>
      <Extensions>cpp;c;cc;cxx;c++;cppm;ixx;def;odl;idl;hpj;bat;asm;asmx</Extensions>
    </Filter>
    <Filter Include="Header Files">
      <UniqueIdentifier>{93995380-89BD-4b04-88EB-625FBE52EBFB}</UniqueIdentifier>
      <Extensions>h;hh;hpp;hxx;h++;hm;inl;inc;ipp;xsd</Extensions>
    </Filter>
    <Filter Include="Resource Files">
      <UniqueIdentifier>{67DA6AB6-F800-4c08-8B7A-83BB121AAD01}</UniqueIdentifier>
      <Extensions>rc;ico;cur;bmp;dlg;rc2;rct;bin;rgs;gif;jpg;jpeg;jpe;resx;tiff;tif;png;wav;mfcribbon-ms</Extensions>
    </Filter>
  </ItemGroup>
  <ItemGroup>
    <ClInclude Include="framework.h">
      <Filter>Header Files</Filter>
    </ClInclude>
    <ClInclude Include="pch.h">
      <Filter>Header Files</Filter>
    </ClInclude>
    <ClInclude Include="aevSPLap.h">
      <Filter>Header Files</Filter>
    </ClInclude>
    <ClInclude Include="BDCreator_func.h">
      <Filter>Header Files</Filter>
    </ClInclude>
    <ClInclude Include="casorandom.h">
      <Filter>Header Files</Filter>
    </ClInclude>
    <ClInclude Include="cc.h">
      <Filter>Header Files</Filter>
    </ClInclude>
    <ClInclude Include="combineVectorElements.h">
      <Filter>Header Files</Filter>
    </ClInclude>
    <ClInclude Include="CreaPoQunniforme.h">
      <Filter>Header Files</Filter>
    </ClInclude>
    <ClInclude Include="Edade.h">
      <Filter>Header Files</Filter>
    </ClInclude>
    <ClInclude Include="eml_rand.h">
      <Filter>Header Files</Filter>
    </ClInclude>
    <ClInclude Include="eml_rand_mcg16807_stateful.h">
      <Filter>Header Files</Filter>
    </ClInclude>
    <ClInclude Include="eml_rand_mt19937ar_stateful.h">
      <Filter>Header Files</Filter>
    </ClInclude>
    <ClInclude Include="eml_rand_shr3cong_stateful.h">
      <Filter>Header Files</Filter>
    </ClInclude>
    <ClInclude Include="favalia.h">
      <Filter>Header Files</Filter>
    </ClInclude>
    <ClInclude Include="funcionCPrO.h">
      <Filter>Header Files</Filter>
    </ClInclude>
    <ClInclude Include="funcionDia.h">
      <Filter>Header Files</Filter>
    </ClInclude>
    <ClInclude Include="getTime.h">
      <Filter>Header Files</Filter>
    </ClInclude>
    <ClInclude Include="main_UCI_func.h">
      <Filter>Header Files</Filter>
    </ClInclude>
    <ClInclude Include="mean.h">
      <Filter>Header Files</Filter>
    </ClInclude>
    <ClInclude Include="model_data.h">
      <Filter>Header Files</Filter>
    </ClInclude>
    <ClInclude Include="model_emxAPI.h">
      <Filter>Header Files</Filter>
    </ClInclude>
    <ClInclude Include="model_emxutil.h">
      <Filter>Header Files</Filter>
    </ClInclude>
    <ClInclude Include="model_initialize.h">
      <Filter>Header Files</Filter>
    </ClInclude>
    <ClInclude Include="model_rtwutil.h">
      <Filter>Header Files</Filter>
    </ClInclude>
    <ClInclude Include="model_terminate.h">
      <Filter>Header Files</Filter>
    </ClInclude>
    <ClInclude Include="model_types.h">
      <Filter>Header Files</Filter>
    </ClInclude>
    <ClInclude Include="nullAssignment.h">
      <Filter>Header Files</Filter>
    </ClInclude>
    <ClInclude Include="obsIQ.h">
      <Filter>Header Files</Filter>
    </ClInclude>
    <ClInclude Include="obsIQini.h">
      <Filter>Header Files</Filter>
    </ClInclude>
    <ClInclude Include="rand.h">
      <Filter>Header Files</Filter>
    </ClInclude>
    <ClInclude Include="randi.h">
      <Filter>Header Files</Filter>
    </ClInclude>
    <ClInclude Include="randperm.h">
      <Filter>Header Files</Filter>
    </ClInclude>
    <ClInclude Include="rdivide_helper.h">
      <Filter>Header Files</Filter>
    </ClInclude>
    <ClInclude Include="rem.h">
      <Filter>Header Files</Filter>
    </ClInclude>
    <ClInclude Include="repmat.h">
      <Filter>Header Files</Filter>
    </ClInclude>
    <ClInclude Include="rtwtypes.h">
      <Filter>Header Files</Filter>
    </ClInclude>
    <ClInclude Include="sch.h">
      <Filter>Header Files</Filter>
    </ClInclude>
    <ClInclude Include="sort1.h">
      <Filter>Header Files</Filter>
    </ClInclude>
    <ClInclude Include="sortIdx.h">
      <Filter>Header Files</Filter>
    </ClInclude>
    <ClInclude Include="std.h">
      <Filter>Header Files</Filter>
    </ClInclude>
    <ClInclude Include="sum.h">
      <Filter>Header Files</Filter>
    </ClInclude>
    <ClInclude Include="tic.h">
      <Filter>Header Files</Filter>
    </ClInclude>
    <ClInclude Include="timeKeeper.h">
      <Filter>Header Files</Filter>
    </ClInclude>
    <ClInclude Include="tmwtypes.h">
      <Filter>Header Files</Filter>
    </ClInclude>
    <ClInclude Include="toc.h">
      <Filter>Header Files</Filter>
    </ClInclude>
    <ClInclude Include="MODEL.h">
      <Filter>Header Files</Filter>
    </ClInclude>
  </ItemGroup>
  <ItemGroup>
    <ClCompile Include="aevSPLap.c">
      <Filter>Source Files</Filter>
    </ClCompile>
    <ClCompile Include="BDCreator_func.c">
      <Filter>Source Files</Filter>
    </ClCompile>
    <ClCompile Include="casorandom.c">
      <Filter>Source Files</Filter>
    </ClCompile>
    <ClCompile Include="cc.c">
      <Filter>Source Files</Filter>
    </ClCompile>
    <ClCompile Include="combineVectorElements.c">
      <Filter>Source Files</Filter>
    </ClCompile>
    <ClCompile Include="CreaPoQunniforme.c">
      <Filter>Source Files</Filter>
    </ClCompile>
    <ClCompile Include="Edade.c">
      <Filter>Source Files</Filter>
    </ClCompile>
    <ClCompile Include="eml_rand.c">
      <Filter>Source Files</Filter>
    </ClCompile>
    <ClCompile Include="eml_rand_mcg16807_stateful.c">
      <Filter>Source Files</Filter>
    </ClCompile>
    <ClCompile Include="eml_rand_mt19937ar_stateful.c">
      <Filter>Source Files</Filter>
    </ClCompile>
    <ClCompile Include="eml_rand_shr3cong_stateful.c">
      <Filter>Source Files</Filter>
    </ClCompile>
    <ClCompile Include="favalia.c">
      <Filter>Source Files</Filter>
    </ClCompile>
    <ClCompile Include="funcionCPrO.c">
      <Filter>Source Files</Filter>
    </ClCompile>
    <ClCompile Include="funcionDia.c">
      <Filter>Source Files</Filter>
    </ClCompile>
    <ClCompile Include="getTime.c">
      <Filter>Source Files</Filter>
    </ClCompile>
    <ClCompile Include="main.c">
      <Filter>Source Files</Filter>
    </ClCompile>
    <ClCompile Include="main_UCI_func.c">
      <Filter>Source Files</Filter>
    </ClCompile>
    <ClCompile Include="mean.c">
      <Filter>Source Files</Filter>
    </ClCompile>
    <ClCompile Include="model_data.c">
      <Filter>Source Files</Filter>
    </ClCompile>
    <ClCompile Include="model_emxAPI.c">
      <Filter>Source Files</Filter>
    </ClCompile>
    <ClCompile Include="model_emxutil.c">
      <Filter>Source Files</Filter>
    </ClCompile>
    <ClCompile Include="model_initialize.c">
      <Filter>Source Files</Filter>
    </ClCompile>
    <ClCompile Include="model_rtwutil.c">
      <Filter>Source Files</Filter>
    </ClCompile>
    <ClCompile Include="model_terminate.c">
      <Filter>Source Files</Filter>
    </ClCompile>
    <ClCompile Include="nullAssignment.c">
      <Filter>Source Files</Filter>
    </ClCompile>
    <ClCompile Include="obsIQ.c">
      <Filter>Source Files</Filter>
    </ClCompile>
    <ClCompile Include="obsIQini.c">
      <Filter>Source Files</Filter>
    </ClCompile>
    <ClCompile Include="rand.c">
      <Filter>Source Files</Filter>
    </ClCompile>
    <ClCompile Include="randi.c">
      <Filter>Source Files</Filter>
    </ClCompile>
    <ClCompile Include="randperm.c">
      <Filter>Source Files</Filter>
    </ClCompile>
    <ClCompile Include="rdivide_helper.c">
      <Filter>Source Files</Filter>
    </ClCompile>
    <ClCompile Include="rem.c">
      <Filter>Source Files</Filter>
    </ClCompile>
    <ClCompile Include="repmat.c">
      <Filter>Source Files</Filter>
    </ClCompile>
    <ClCompile Include="sch.c">
      <Filter>Source Files</Filter>
    </ClCompile>
    <ClCompile Include="sort1.c">
      <Filter>Source Files</Filter>
    </ClCompile>
    <ClCompile Include="sortIdx.c">
      <Filter>Source Files</Filter>
    </ClCompile>
    <ClCompile Include="std.c">
      <Filter>Source Files</Filter>
    </ClCompile>
    <ClCompile Include="sum.c">
      <Filter>Source Files</Filter>
    </ClCompile>
    <ClCompile Include="tic.c">
      <Filter>Source Files</Filter>
    </ClCompile>
    <ClCompile Include="timeKeeper.c">
      <Filter>Source Files</Filter>
    </ClCompile>
    <ClCompile Include="toc.c">
      <Filter>Source Files</Filter>
    </ClCompile>
    <ClCompile Include="pch.c">
      <Filter>Source Files</Filter>
    </ClCompile>
  </ItemGroup>
</Project>